
Microsoft Visual Studio Solution File, Format Version 12.00
# Visual Studio Version 16
VisualStudioVersion = 16.0.32002.261
MinimumVisualStudioVersion = 10.0.40219.1
Project("{2150E333-8FDC-42A3-9474-1A3956D46DE8}") = "Microservices", "Microservices", "{8AD0109C-033F-47E0-AB25-8DAC7850AF85}"
EndProject
Project("{2150E333-8FDC-42A3-9474-1A3956D46DE8}") = "Domain", "Domain", "{0DED09AD-2CF0-44F8-A7FE-2EEF12E42B8E}"
EndProject
Project("{2150E333-8FDC-42A3-9474-1A3956D46DE8}") = "Infra.Bus", "Infra.Bus", "{0CD8CAAF-E01E-4F01-994D-9ADB01B582E7}"
EndProject
Project("{2150E333-8FDC-42A3-9474-1A3956D46DE8}") = "Infra.EOC", "Infra.EOC", "{785ADE2F-C017-40C5-9F66-B0867B7FAADD}"
EndProject
Project("{2150E333-8FDC-42A3-9474-1A3956D46DE8}") = "Presentation", "Presentation", "{DD61C16D-D85B-42DB-9BBE-67A943F31C04}"
EndProject
Project("{9A19103F-16F7-4668-BE54-9A1E7A4F7556}") = "MicroRabbit.Domain.Core", "MicroRabbit.Domain.Core\MicroRabbit.Domain.Core.csproj", "{7123FA2C-6738-47D4-A570-5EF649F624F1}"
EndProject
Project("{FAE04EC0-301F-11D3-BF4B-00C04F79EFBC}") = "MicroRabbit.Infra.Bus", "MicroRabbit.Infra.Bus\MicroRabbit.Infra.Bus.csproj", "{52BDE289-6CEB-4B75-808F-01781B4314F4}"
EndProject
Global
	GlobalSection(SolutionConfigurationPlatforms) = preSolution
		Debug|Any CPU = Debug|Any CPU
		Release|Any CPU = Release|Any CPU
	EndGlobalSection
	GlobalSection(ProjectConfigurationPlatforms) = postSolution
		{7123FA2C-6738-47D4-A570-5EF649F624F1}.Debug|Any CPU.ActiveCfg = Debug|Any CPU
		{7123FA2C-6738-47D4-A570-5EF649F624F1}.Debug|Any CPU.Build.0 = Debug|Any CPU
		{7123FA2C-6738-47D4-A570-5EF649F624F1}.Release|Any CPU.ActiveCfg = Release|Any CPU
		{7123FA2C-6738-47D4-A570-5EF649F624F1}.Release|Any CPU.Build.0 = Release|Any CPU
		{52BDE289-6CEB-4B75-808F-01781B4314F4}.Debug|Any CPU.ActiveCfg = Debug|Any CPU
		{52BDE289-6CEB-4B75-808F-01781B4314F4}.Debug|Any CPU.Build.0 = Debug|Any CPU
		{52BDE289-6CEB-4B75-808F-01781B4314F4}.Release|Any CPU.ActiveCfg = Release|Any CPU
		{52BDE289-6CEB-4B75-808F-01781B4314F4}.Release|Any CPU.Build.0 = Release|Any CPU
	EndGlobalSection
	GlobalSection(SolutionProperties) = preSolution
		HideSolutionNode = FALSE
	EndGlobalSection
	GlobalSection(NestedProjects) = preSolution
		{7123FA2C-6738-47D4-A570-5EF649F624F1} = {0DED09AD-2CF0-44F8-A7FE-2EEF12E42B8E}
		{52BDE289-6CEB-4B75-808F-01781B4314F4} = {0CD8CAAF-E01E-4F01-994D-9ADB01B582E7}
	EndGlobalSection
	GlobalSection(ExtensibilityGlobals) = postSolution
		SolutionGuid = {B6D20D59-F53C-4DEC-8B46-C4A7AA93F91D}
	EndGlobalSection
EndGlobal
